
Microsoft Visual Studio Solution File, Format Version 12.00
Project("{F184B08F-C81C-45F6-A57F-5ABD9991F28F}") = "ConsoleAppVB", "ConsoleAppVB\ConsoleAppVB.vbproj", "{05A8ECED-D939-4DCC-AAD6-98134FBA198D}"
EndProject
Project("{FAE04EC0-301F-11D3-BF4B-00C04F79EFBC}") = "ClassLibraryCoreWithSummaries", "ClassLibraryCoreWithSummaries\ClassLibraryCoreWithSummaries.csproj", "{74FC7EC0-4F1D-44B6-B5F3-89AD487C104B}"
EndProject
Project("{FAE04EC0-301F-11D3-BF4B-00C04F79EFBC}") = "ClassLibraryClassic", "ClassLibraryClassic\ClassLibraryClassic.csproj", "{0FAD060A-5614-40C9-B3EE-FED75B7EC78B}"
EndProject
Project("{FAE04EC0-301F-11D3-BF4B-00C04F79EFBC}") = "NextHighlightedErrorTooltipCheck", "NextHighlightedErrorTooltipCheck\NextHighlightedErrorTooltipCheck.csproj", "{7BCD7205-2226-485F-897F-BAC5AE4380DF}"
EndProject
Project("{F2A71F9B-5D33-465A-A702-920D77279786}") = "ConsoleAppFSharp", "ConsoleAppFSharp\ConsoleAppFSharp.fsproj", "{8AAAE088-EA16-495D-86B2-32DDA924E299}"
EndProject
Project("{FAE04EC0-301F-11D3-BF4B-00C04F79EFBC}") = "ChecksSyntaxHighlightingInAttributes", "ChecksSyntaxHighlightingInAttributes\ChecksSyntaxHighlightingInAttributes.csproj", "{13BE14AF-B971-4115-BA15-36830550E3EE}"
EndProject
Project("{FAE04EC0-301F-11D3-BF4B-00C04F79EFBC}") = "WpfApp", "WpfApp\WpfApp.csproj", "{08AB2DD3-FE1B-40AE-96A7-64EF775CF8D2}"
EndProject
Project("{FAE04EC0-301F-11D3-BF4B-00C04F79EFBC}") = "AmbiguousSymbols", "AmbiguousSymbols\AmbiguousSymbols.csproj", "{CEC777C2-A6CD-4E99-833B-1E55EBFA73EB}"
EndProject
Project("{FAE04EC0-301F-11D3-BF4B-00C04F79EFBC}") = "TestProjectWithTestNameAttribute", "TestProjectWithTestNameAttribute\TestProjectWithTestNameAttribute.csproj", "{AC892157-942B-4A42-90BB-E73639B5C725}"
EndProject
Project("{FAE04EC0-301F-11D3-BF4B-00C04F79EFBC}") = "WebApplicationWithAsax", "WebApplicationWithAsax\WebApplicationWithAsax.csproj", "{4082E8D9-6666-4302-8A60-EAA2FA5B176C}"
EndProject
Project("{FAE04EC0-301F-11D3-BF4B-00C04F79EFBC}") = "ArgumentsOnWrongLineInQuickDocs", "ArgumentsOnWrongLineInQuickDocs\ArgumentsOnWrongLineInQuickDocs.csproj", "{D0BC0B27-9F3A-4900-99E7-9F9BC65E65F8}"
EndProject
Project("{FAE04EC0-301F-11D3-BF4B-00C04F79EFBC}") = "KeyValuePairsInQuickDocs", "KeyValuePairsInQuickDocs\KeyValuePairsInQuickDocs.csproj", "{30F18F35-A422-4CDB-B385-A3400DE758E5}"
EndProject
Project("{FAE04EC0-301F-11D3-BF4B-00C04F79EFBC}") = "ConsoleApplicationClassic", "ConsoleApplicationClassic\ConsoleApplicationClassic.csproj", "{C7470BBB-933B-42F3-B4C9-88F259371BDD}"
EndProject
Global
	GlobalSection(SolutionConfigurationPlatforms) = preSolution
		Debug|Any CPU = Debug|Any CPU
		Release|Any CPU = Release|Any CPU
	EndGlobalSection
	GlobalSection(ProjectConfigurationPlatforms) = postSolution
		{05A8ECED-D939-4DCC-AAD6-98134FBA198D}.Debug|Any CPU.ActiveCfg = Debug|Any CPU
		{05A8ECED-D939-4DCC-AAD6-98134FBA198D}.Debug|Any CPU.Build.0 = Debug|Any CPU
		{05A8ECED-D939-4DCC-AAD6-98134FBA198D}.Release|Any CPU.ActiveCfg = Release|Any CPU
		{05A8ECED-D939-4DCC-AAD6-98134FBA198D}.Release|Any CPU.Build.0 = Release|Any CPU
		{74FC7EC0-4F1D-44B6-B5F3-89AD487C104B}.Debug|Any CPU.ActiveCfg = Debug|Any CPU
		{74FC7EC0-4F1D-44B6-B5F3-89AD487C104B}.Debug|Any CPU.Build.0 = Debug|Any CPU
		{74FC7EC0-4F1D-44B6-B5F3-89AD487C104B}.Release|Any CPU.ActiveCfg = Release|Any CPU
		{74FC7EC0-4F1D-44B6-B5F3-89AD487C104B}.Release|Any CPU.Build.0 = Release|Any CPU
		{0FAD060A-5614-40C9-B3EE-FED75B7EC78B}.Debug|Any CPU.ActiveCfg = Debug|Any CPU
		{0FAD060A-5614-40C9-B3EE-FED75B7EC78B}.Debug|Any CPU.Build.0 = Debug|Any CPU
		{0FAD060A-5614-40C9-B3EE-FED75B7EC78B}.Release|Any CPU.ActiveCfg = Release|Any CPU
		{0FAD060A-5614-40C9-B3EE-FED75B7EC78B}.Release|Any CPU.Build.0 = Release|Any CPU
		{7BCD7205-2226-485F-897F-BAC5AE4380DF}.Debug|Any CPU.ActiveCfg = Debug|Any CPU
		{7BCD7205-2226-485F-897F-BAC5AE4380DF}.Debug|Any CPU.Build.0 = Debug|Any CPU
		{7BCD7205-2226-485F-897F-BAC5AE4380DF}.Release|Any CPU.ActiveCfg = Release|Any CPU
		{7BCD7205-2226-485F-897F-BAC5AE4380DF}.Release|Any CPU.Build.0 = Release|Any CPU
		{8AAAE088-EA16-495D-86B2-32DDA924E299}.Debug|Any CPU.ActiveCfg = Debug|Any CPU
		{8AAAE088-EA16-495D-86B2-32DDA924E299}.Debug|Any CPU.Build.0 = Debug|Any CPU
		{8AAAE088-EA16-495D-86B2-32DDA924E299}.Release|Any CPU.ActiveCfg = Release|Any CPU
		{8AAAE088-EA16-495D-86B2-32DDA924E299}.Release|Any CPU.Build.0 = Release|Any CPU
		{13BE14AF-B971-4115-BA15-36830550E3EE}.Debug|Any CPU.ActiveCfg = Debug|Any CPU
		{13BE14AF-B971-4115-BA15-36830550E3EE}.Debug|Any CPU.Build.0 = Debug|Any CPU
		{13BE14AF-B971-4115-BA15-36830550E3EE}.Release|Any CPU.ActiveCfg = Release|Any CPU
		{13BE14AF-B971-4115-BA15-36830550E3EE}.Release|Any CPU.Build.0 = Release|Any CPU
		{08AB2DD3-FE1B-40AE-96A7-64EF775CF8D2}.Debug|Any CPU.ActiveCfg = Debug|Any CPU
		{08AB2DD3-FE1B-40AE-96A7-64EF775CF8D2}.Debug|Any CPU.Build.0 = Debug|Any CPU
		{08AB2DD3-FE1B-40AE-96A7-64EF775CF8D2}.Release|Any CPU.ActiveCfg = Release|Any CPU
		{08AB2DD3-FE1B-40AE-96A7-64EF775CF8D2}.Release|Any CPU.Build.0 = Release|Any CPU
		{CEC777C2-A6CD-4E99-833B-1E55EBFA73EB}.Debug|Any CPU.ActiveCfg = Debug|Any CPU
		{CEC777C2-A6CD-4E99-833B-1E55EBFA73EB}.Debug|Any CPU.Build.0 = Debug|Any CPU
		{CEC777C2-A6CD-4E99-833B-1E55EBFA73EB}.Release|Any CPU.ActiveCfg = Release|Any CPU
		{CEC777C2-A6CD-4E99-833B-1E55EBFA73EB}.Release|Any CPU.Build.0 = Release|Any CPU
		{AC892157-942B-4A42-90BB-E73639B5C725}.Debug|Any CPU.ActiveCfg = Debug|Any CPU
		{AC892157-942B-4A42-90BB-E73639B5C725}.Debug|Any CPU.Build.0 = Debug|Any CPU
		{AC892157-942B-4A42-90BB-E73639B5C725}.Release|Any CPU.ActiveCfg = Release|Any CPU
		{AC892157-942B-4A42-90BB-E73639B5C725}.Release|Any CPU.Build.0 = Release|Any CPU
		{4082E8D9-6666-4302-8A60-EAA2FA5B176C}.Debug|Any CPU.ActiveCfg = Debug|Any CPU
		{4082E8D9-6666-4302-8A60-EAA2FA5B176C}.Debug|Any CPU.Build.0 = Debug|Any CPU
		{4082E8D9-6666-4302-8A60-EAA2FA5B176C}.Release|Any CPU.ActiveCfg = Release|Any CPU
		{4082E8D9-6666-4302-8A60-EAA2FA5B176C}.Release|Any CPU.Build.0 = Release|Any CPU
		{D0BC0B27-9F3A-4900-99E7-9F9BC65E65F8}.Debug|Any CPU.ActiveCfg = Debug|Any CPU
		{D0BC0B27-9F3A-4900-99E7-9F9BC65E65F8}.Debug|Any CPU.Build.0 = Debug|Any CPU
		{D0BC0B27-9F3A-4900-99E7-9F9BC65E65F8}.Release|Any CPU.ActiveCfg = Release|Any CPU
		{D0BC0B27-9F3A-4900-99E7-9F9BC65E65F8}.Release|Any CPU.Build.0 = Release|Any CPU
		{30F18F35-A422-4CDB-B385-A3400DE758E5}.Debug|Any CPU.ActiveCfg = Debug|Any CPU
		{30F18F35-A422-4CDB-B385-A3400DE758E5}.Debug|Any CPU.Build.0 = Debug|Any CPU
		{30F18F35-A422-4CDB-B385-A3400DE758E5}.Release|Any CPU.ActiveCfg = Release|Any CPU
		{30F18F35-A422-4CDB-B385-A3400DE758E5}.Release|Any CPU.Build.0 = Release|Any CPU
		{C7470BBB-933B-42F3-B4C9-88F259371BDD}.Debug|Any CPU.ActiveCfg = Debug|Any CPU
		{C7470BBB-933B-42F3-B4C9-88F259371BDD}.Debug|Any CPU.Build.0 = Debug|Any CPU
		{C7470BBB-933B-42F3-B4C9-88F259371BDD}.Release|Any CPU.ActiveCfg = Release|Any CPU
		{C7470BBB-933B-42F3-B4C9-88F259371BDD}.Release|Any CPU.Build.0 = Release|Any CPU
	EndGlobalSection
	GlobalSection(NestedProjects) = preSolution
	EndGlobalSection
EndGlobal
